# This file is automatically @generated by Cargo.
# It is not intended for manual editing.
version = 3

[[package]]
name = "chimera"
version = "0.0.0"
dependencies = [
 "debugtools",
 "hal",
]

[[package]]
name = "debugtools"
version = "0.0.0"
dependencies = [
 "hal",
]

[[package]]
name = "hal"
version = "0.0.0"
dependencies = [
 "hal_boot_bootinfo",
 "hal_io",
]

[[package]]
name = "hal_boot_bootinfo"
version = "0.0.0"

[[package]]
name = "hal_io"
version = "0.0.0"

[[package]]
name = "initializer"
version = "0.1.0"
dependencies = [
 "chimera",
 "debugtools",
]
