# This file is automatically @generated by Cargo.
# It is not intended for manual editing.
version = 3

[[package]]
name = "zOS"
version = "0.0.0"
dependencies = [
 "debugtools",
 "hal",
 "sys_log",
]

[[package]]
name = "debugtools"
version = "0.0.0"
dependencies = [
 "hal",
]

[[package]]
name = "hal"
version = "0.0.0"

[[package]]
name = "initializer"
version = "0.1.0"
dependencies = [
 "zOS",
 "debugtools",
]

[[package]]
name = "sys_log"
version = "0.0.0"
dependencies = [
 "debugtools",
 "hal",
]
